
Microsoft Visual Studio Solution File, Format Version 12.00
# Visual Studio Version 16
VisualStudioVersion = 16.0.30611.23
MinimumVisualStudioVersion = 10.0.40219.1
Project("{FAE04EC0-301F-11D3-BF4B-00C04F79EFBC}") = "OpenShopFinal", "OpenShopFinal\OpenShopFinal.csproj", "{2F0B1ED2-AFD9-4A5F-A51A-2387727211E5}"
EndProject
Global
	GlobalSection(SolutionConfigurationPlatforms) = preSolution
		Debug|Any CPU = Debug|Any CPU
		Release|Any CPU = Release|Any CPU
	EndGlobalSection
	GlobalSection(ProjectConfigurationPlatforms) = postSolution
		{2F0B1ED2-AFD9-4A5F-A51A-2387727211E5}.Debug|Any CPU.ActiveCfg = Debug|Any CPU
		{2F0B1ED2-AFD9-4A5F-A51A-2387727211E5}.Debug|Any CPU.Build.0 = Debug|Any CPU
		{2F0B1ED2-AFD9-4A5F-A51A-2387727211E5}.Release|Any CPU.ActiveCfg = Release|Any CPU
		{2F0B1ED2-AFD9-4A5F-A51A-2387727211E5}.Release|Any CPU.Build.0 = Release|Any CPU
	EndGlobalSection
	GlobalSection(SolutionProperties) = preSolution
		HideSolutionNode = FALSE
	EndGlobalSection
	GlobalSection(ExtensibilityGlobals) = postSolution
		SolutionGuid = {84408B33-BC28-4CBD-AB0E-7E7FA6FF39A1}
	EndGlobalSection
EndGlobal
